Microsoft Visual Studio Solution File, Format Version 12.00
# Visual Studio 15
VisualStudioVersion = 15.0.26730.10
MinimumVisualStudioVersion = 10.0.40219.1
Project("{FAE04EC0-301F-11D3-BF4B-00C04F79EFBC}") = "Example", "Example\Example.csproj", "{773D804C-35D0-4FEC-92AA-F4686D17781F}"
EndProject
Project("{FAE04EC0-301F-11D3-BF4B-00C04F79EFBC}") = "ReactNative", "..\node_modules\react-native-windows\ReactWindows\ReactNative\ReactNative.csproj", "{C7673AD5-E3AA-468C-A5FD-FA38154E205C}"
EndProject
Project("{D954291E-2A0B-460D-934E-DC6B0785DB48}") = "ReactNative.Shared", "..\node_modules\react-native-windows\ReactWindows\ReactNative.Shared\ReactNative.Shared.shproj", "{EEA8B852-4D07-48E1-8294-A21AB5909FE5}"
EndProject
Project("{8BC9CEB8-8B4A-11D0-8D11-00A0C91BC942}") = "ChakraBridge", "..\node_modules\react-native-windows\ReactWindows\ChakraBridge\ChakraBridge.vcxproj", "{4B72C796-16D5-4E3A-81C0-3E36F531E578}"
EndProject
Project("{FAE04EC0-301F-11D3-BF4B-00C04F79EFBC}") = "RNCamera", "..\node_modules\react-native-camera\windows\RNCamera\RNCamera.csproj", "{F11038F0-88E5-11E7-BA7C-E36C7490591A}"
EndProject
Global
	GlobalSection(SharedMSBuildProjectFiles) = preSolution
		..\node_modules\react-native-windows\ReactWindows\ReactNative.Shared\ReactNative.Shared.projitems*{c7673ad5-e3aa-468c-a5fd-fa38154e205c}*SharedItemsImports = 4
		..\node_modules\react-native-windows\ReactWindows\ReactNative.Shared\ReactNative.Shared.projitems*{eea8b852-4d07-48e1-8294-a21ab5909fe5}*SharedItemsImports = 13
	EndGlobalSection
	GlobalSection(SolutionConfigurationPlatforms) = preSolution
		Debug|ARM = Debug|ARM
		Debug|x64 = Debug|x64
		Debug|x86 = Debug|x86
		DebugBundle|ARM = DebugBundle|ARM
		DebugBundle|x64 = DebugBundle|x64
		DebugBundle|x86 = DebugBundle|x86
		Development|ARM = Development|ARM
		Development|x64 = Development|x64
		Development|x86 = Development|x86
		Release|ARM = Release|ARM
		Release|x64 = Release|x64
		Release|x86 = Release|x86
		ReleaseBundle|ARM = ReleaseBundle|ARM
		ReleaseBundle|x64 = ReleaseBundle|x64
		ReleaseBundle|x86 = ReleaseBundle|x86
	EndGlobalSection
	GlobalSection(ProjectConfigurationPlatforms) = postSolution
		{773D804C-35D0-4FEC-92AA-F4686D17781F}.Debug|ARM.ActiveCfg = Debug|ARM
		{773D804C-35D0-4FEC-92AA-F4686D17781F}.Debug|ARM.Build.0 = Debug|ARM
		{773D804C-35D0-4FEC-92AA-F4686D17781F}.Debug|ARM.Deploy.0 = Debug|ARM
		{773D804C-35D0-4FEC-92AA-F4686D17781F}.Debug|x64.ActiveCfg = Debug|x64
		{773D804C-35D0-4FEC-92AA-F4686D17781F}.Debug|x64.Build.0 = Debug|x64
		{773D804C-35D0-4FEC-92AA-F4686D17781F}.Debug|x64.Deploy.0 = Debug|x64
		{773D804C-35D0-4FEC-92AA-F4686D17781F}.Debug|x86.ActiveCfg = Debug|x86
		{773D804C-35D0-4FEC-92AA-F4686D17781F}.Debug|x86.Build.0 = Debug|x86
		{773D804C-35D0-4FEC-92AA-F4686D17781F}.Debug|x86.Deploy.0 = Debug|x86
		{773D804C-35D0-4FEC-92AA-F4686D17781F}.DebugBundle|ARM.ActiveCfg = DebugBundle|ARM
		{773D804C-35D0-4FEC-92AA-F4686D17781F}.DebugBundle|ARM.Build.0 = DebugBundle|ARM
		{773D804C-35D0-4FEC-92AA-F4686D17781F}.DebugBundle|ARM.Deploy.0 = DebugBundle|ARM
		{773D804C-35D0-4FEC-92AA-F4686D17781F}.DebugBundle|x64.ActiveCfg = DebugBundle|x64
		{773D804C-35D0-4FEC-92AA-F4686D17781F}.DebugBundle|x64.Build.0 = DebugBundle|x64
		{773D804C-35D0-4FEC-92AA-F4686D17781F}.DebugBundle|x64.Deploy.0 = DebugBundle|x64
		{773D804C-35D0-4FEC-92AA-F4686D17781F}.DebugBundle|x86.ActiveCfg = DebugBundle|x86
		{773D804C-35D0-4FEC-92AA-F4686D17781F}.DebugBundle|x86.Build.0 = DebugBundle|x86
		{773D804C-35D0-4FEC-92AA-F4686D17781F}.DebugBundle|x86.Deploy.0 = DebugBundle|x86
		{773D804C-35D0-4FEC-92AA-F4686D17781F}.Development|ARM.ActiveCfg = DebugBundle|ARM
		{773D804C-35D0-4FEC-92AA-F4686D17781F}.Development|ARM.Build.0 = DebugBundle|ARM
		{773D804C-35D0-4FEC-92AA-F4686D17781F}.Development|ARM.Deploy.0 = DebugBundle|ARM
		{773D804C-35D0-4FEC-92AA-F4686D17781F}.Development|x64.ActiveCfg = DebugBundle|x64
		{773D804C-35D0-4FEC-92AA-F4686D17781F}.Development|x64.Build.0 = DebugBundle|x64
		{773D804C-35D0-4FEC-92AA-F4686D17781F}.Development|x64.Deploy.0 = DebugBundle|x64
		{773D804C-35D0-4FEC-92AA-F4686D17781F}.Development|x86.ActiveCfg = DebugBundle|x86
		{773D804C-35D0-4FEC-92AA-F4686D17781F}.Development|x86.Build.0 = DebugBundle|x86
		{773D804C-35D0-4FEC-92AA-F4686D17781F}.Development|x86.Deploy.0 = DebugBundle|x86
		{773D804C-35D0-4FEC-92AA-F4686D17781F}.Release|ARM.ActiveCfg = Release|ARM
		{773D804C-35D0-4FEC-92AA-F4686D17781F}.Release|ARM.Build.0 = Release|ARM
		{773D804C-35D0-4FEC-92AA-F4686D17781F}.Release|ARM.Deploy.0 = Release|ARM
		{773D804C-35D0-4FEC-92AA-F4686D17781F}.Release|x64.ActiveCfg = Release|x64
		{773D804C-35D0-4FEC-92AA-F4686D17781F}.Release|x64.Build.0 = Release|x64
		{773D804C-35D0-4FEC-92AA-F4686D17781F}.Release|x64.Deploy.0 = Release|x64
		{773D804C-35D0-4FEC-92AA-F4686D17781F}.Release|x86.ActiveCfg = Release|x86
		{773D804C-35D0-4FEC-92AA-F4686D17781F}.Release|x86.Build.0 = Release|x86
		{773D804C-35D0-4FEC-92AA-F4686D17781F}.Release|x86.Deploy.0 = Release|x86
		{773D804C-35D0-4FEC-92AA-F4686D17781F}.ReleaseBundle|ARM.ActiveCfg = ReleaseBundle|ARM
		{773D804C-35D0-4FEC-92AA-F4686D17781F}.ReleaseBundle|ARM.Build.0 = ReleaseBundle|ARM
		{773D804C-35D0-4FEC-92AA-F4686D17781F}.ReleaseBundle|ARM.Deploy.0 = ReleaseBundle|ARM
		{773D804C-35D0-4FEC-92AA-F4686D17781F}.ReleaseBundle|x64.ActiveCfg = ReleaseBundle|x64
		{773D804C-35D0-4FEC-92AA-F4686D17781F}.ReleaseBundle|x64.Build.0 = ReleaseBundle|x64
		{773D804C-35D0-4FEC-92AA-F4686D17781F}.ReleaseBundle|x64.Deploy.0 = ReleaseBundle|x64
		{773D804C-35D0-4FEC-92AA-F4686D17781F}.ReleaseBundle|x86.ActiveCfg = ReleaseBundle|x86
		{773D804C-35D0-4FEC-92AA-F4686D17781F}.ReleaseBundle|x86.Build.0 = ReleaseBundle|x86
		{773D804C-35D0-4FEC-92AA-F4686D17781F}.ReleaseBundle|x86.Deploy.0 = ReleaseBundle|x86
		{C7673AD5-E3AA-468C-A5FD-FA38154E205C}.Debug|ARM.ActiveCfg = Debug|ARM
		{C7673AD5-E3AA-468C-A5FD-FA38154E205C}.Debug|ARM.Build.0 = Debug|ARM
		{C7673AD5-E3AA-468C-A5FD-FA38154E205C}.Debug|x64.ActiveCfg = Debug|x64
		{C7673AD5-E3AA-468C-A5FD-FA38154E205C}.Debug|x64.Build.0 = Debug|x64
		{C7673AD5-E3AA-468C-A5FD-FA38154E205C}.Debug|x86.ActiveCfg = Debug|x86
		{C7673AD5-E3AA-468C-A5FD-FA38154E205C}.Debug|x86.Build.0 = Debug|x86
		{C7673AD5-E3AA-468C-A5FD-FA38154E205C}.DebugBundle|ARM.ActiveCfg = Debug|ARM
		{C7673AD5-E3AA-468C-A5FD-FA38154E205C}.DebugBundle|ARM.Build.0 = Debug|ARM
		{C7673AD5-E3AA-468C-A5FD-FA38154E205C}.DebugBundle|x64.ActiveCfg = Debug|x64
		{C7673AD5-E3AA-468C-A5FD-FA38154E205C}.DebugBundle|x64.Build.0 = Debug|x64
		{C7673AD5-E3AA-468C-A5FD-FA38154E205C}.DebugBundle|x86.ActiveCfg = Debug|x86
		{C7673AD5-E3AA-468C-A5FD-FA38154E205C}.DebugBundle|x86.Build.0 = Debug|x86
		{C7673AD5-E3AA-468C-A5FD-FA38154E205C}.Development|ARM.ActiveCfg = Debug|ARM
		{C7673AD5-E3AA-468C-A5FD-FA38154E205C}.Development|ARM.Build.0 = Debug|ARM
		{C7673AD5-E3AA-468C-A5FD-FA38154E205C}.Development|x64.ActiveCfg = Debug|x64
		{C7673AD5-E3AA-468C-A5FD-FA38154E205C}.Development|x64.Build.0 = Debug|x64
		{C7673AD5-E3AA-468C-A5FD-FA38154E205C}.Development|x86.ActiveCfg = Debug|x86
		{C7673AD5-E3AA-468C-A5FD-FA38154E205C}.Development|x86.Build.0 = Debug|x86
		{C7673AD5-E3AA-468C-A5FD-FA38154E205C}.Release|ARM.ActiveCfg = Release|ARM
		{C7673AD5-E3AA-468C-A5FD-FA38154E205C}.Release|ARM.Build.0 = Release|ARM
		{C7673AD5-E3AA-468C-A5FD-FA38154E205C}.Release|x64.ActiveCfg = Release|x64
		{C7673AD5-E3AA-468C-A5FD-FA38154E205C}.Release|x64.Build.0 = Release|x64
		{C7673AD5-E3AA-468C-A5FD-FA38154E205C}.Release|x86.ActiveCfg = Release|x86
		{C7673AD5-E3AA-468C-A5FD-FA38154E205C}.Release|x86.Build.0 = Release|x86
		{C7673AD5-E3AA-468C-A5FD-FA38154E205C}.ReleaseBundle|ARM.ActiveCfg = Release|ARM
		{C7673AD5-E3AA-468C-A5FD-FA38154E205C}.ReleaseBundle|ARM.Build.0 = Release|ARM
		{C7673AD5-E3AA-468C-A5FD-FA38154E205C}.ReleaseBundle|x64.ActiveCfg = Release|x64
		{C7673AD5-E3AA-468C-A5FD-FA38154E205C}.ReleaseBundle|x64.Build.0 = Release|x64
		{C7673AD5-E3AA-468C-A5FD-FA38154E205C}.ReleaseBundle|x86.ActiveCfg = Release|x86
		{C7673AD5-E3AA-468C-A5FD-FA38154E205C}.ReleaseBundle|x86.Build.0 = Release|x86
		{4B72C796-16D5-4E3A-81C0-3E36F531E578}.Debug|ARM.ActiveCfg = Debug|ARM
		{4B72C796-16D5-4E3A-81C0-3E36F531E578}.Debug|ARM.Build.0 = Debug|ARM
		{4B72C796-16D5-4E3A-81C0-3E36F531E578}.Debug|x64.ActiveCfg = Debug|x64
		{4B72C796-16D5-4E3A-81C0-3E36F531E578}.Debug|x64.Build.0 = Debug|x64
		{4B72C796-16D5-4E3A-81C0-3E36F531E578}.Debug|x86.ActiveCfg = Debug|Win32
		{4B72C796-16D5-4E3A-81C0-3E36F531E578}.Debug|x86.Build.0 = Debug|Win32
		{4B72C796-16D5-4E3A-81C0-3E36F531E578}.DebugBundle|ARM.ActiveCfg = Debug|ARM
		{4B72C796-16D5-4E3A-81C0-3E36F531E578}.DebugBundle|ARM.Build.0 = Debug|ARM
		{4B72C796-16D5-4E3A-81C0-3E36F531E578}.DebugBundle|x64.ActiveCfg = Debug|x64
		{4B72C796-16D5-4E3A-81C0-3E36F531E578}.DebugBundle|x64.Build.0 = Debug|x64
		{4B72C796-16D5-4E3A-81C0-3E36F531E578}.DebugBundle|x86.ActiveCfg = Debug|Win32
		{4B72C796-16D5-4E3A-81C0-3E36F531E578}.DebugBundle|x86.Build.0 = Debug|Win32
		{4B72C796-16D5-4E3A-81C0-3E36F531E578}.Development|ARM.ActiveCfg = Debug|ARM
		{4B72C796-16D5-4E3A-81C0-3E36F531E578}.Development|ARM.Build.0 = Debug|ARM
		{4B72C796-16D5-4E3A-81C0-3E36F531E578}.Development|x64.ActiveCfg = Debug|x64
		{4B72C796-16D5-4E3A-81C0-3E36F531E578}.Development|x64.Build.0 = Debug|x64
		{4B72C796-16D5-4E3A-81C0-3E36F531E578}.Development|x86.ActiveCfg = Debug|Win32
		{4B72C796-16D5-4E3A-81C0-3E36F531E578}.Development|x86.Build.0 = Debug|Win32
		{4B72C796-16D5-4E3A-81C0-3E36F531E578}.Release|ARM.ActiveCfg = Release|ARM
		{4B72C796-16D5-4E3A-81C0-3E36F531E578}.Release|ARM.Build.0 = Release|ARM
		{4B72C796-16D5-4E3A-81C0-3E36F531E578}.Release|x64.ActiveCfg = Release|x64
		{4B72C796-16D5-4E3A-81C0-3E36F531E578}.Release|x64.Build.0 = Release|x64
		{4B72C796-16D5-4E3A-81C0-3E36F531E578}.Release|x86.ActiveCfg = Release|Win32
		{4B72C796-16D5-4E3A-81C0-3E36F531E578}.Release|x86.Build.0 = Release|Win32
		{4B72C796-16D5-4E3A-81C0-3E36F531E578}.ReleaseBundle|ARM.ActiveCfg = Release|ARM
		{4B72C796-16D5-4E3A-81C0-3E36F531E578}.ReleaseBundle|ARM.Build.0 = Release|ARM
		{4B72C796-16D5-4E3A-81C0-3E36F531E578}.ReleaseBundle|x64.ActiveCfg = Release|x64
		{4B72C796-16D5-4E3A-81C0-3E36F531E578}.ReleaseBundle|x64.Build.0 = Release|x64
		{4B72C796-16D5-4E3A-81C0-3E36F531E578}.ReleaseBundle|x86.ActiveCfg = Release|Win32
		{4B72C796-16D5-4E3A-81C0-3E36F531E578}.ReleaseBundle|x86.Build.0 = Release|Win32
		{F11038F0-88E5-11E7-BA7C-E36C7490591A}.Debug|ARM.ActiveCfg = Debug|ARM
		{F11038F0-88E5-11E7-BA7C-E36C7490591A}.Debug|ARM.Build.0 = Debug|ARM
		{F11038F0-88E5-11E7-BA7C-E36C7490591A}.Debug|x64.ActiveCfg = Debug|x64
		{F11038F0-88E5-11E7-BA7C-E36C7490591A}.Debug|x64.Build.0 = Debug|x64
		{F11038F0-88E5-11E7-BA7C-E36C7490591A}.Debug|x86.ActiveCfg = Debug|x86
		{F11038F0-88E5-11E7-BA7C-E36C7490591A}.Debug|x86.Build.0 = Debug|x86
		{F11038F0-88E5-11E7-BA7C-E36C7490591A}.DebugBundle|ARM.ActiveCfg = Debug|ARM
		{F11038F0-88E5-11E7-BA7C-E36C7490591A}.DebugBundle|ARM.Build.0 = Debug|ARM
		{F11038F0-88E5-11E7-BA7C-E36C7490591A}.DebugBundle|x64.ActiveCfg = Debug|x64
		{F11038F0-88E5-11E7-BA7C-E36C7490591A}.DebugBundle|x64.Build.0 = Debug|x64
		{F11038F0-88E5-11E7-BA7C-E36C7490591A}.DebugBundle|x86.ActiveCfg = Debug|x86
		{F11038F0-88E5-11E7-BA7C-E36C7490591A}.DebugBundle|x86.Build.0 = Debug|x86
		{F11038F0-88E5-11E7-BA7C-E36C7490591A}.Development|ARM.ActiveCfg = Development|ARM
		{F11038F0-88E5-11E7-BA7C-E36C7490591A}.Development|ARM.Build.0 = Development|ARM
		{F11038F0-88E5-11E7-BA7C-E36C7490591A}.Development|x64.ActiveCfg = Development|x64
		{F11038F0-88E5-11E7-BA7C-E36C7490591A}.Development|x64.Build.0 = Development|x64
		{F11038F0-88E5-11E7-BA7C-E36C7490591A}.Development|x86.ActiveCfg = Development|x86
		{F11038F0-88E5-11E7-BA7C-E36C7490591A}.Development|x86.Build.0 = Development|x86
		{F11038F0-88E5-11E7-BA7C-E36C7490591A}.Release|ARM.ActiveCfg = Release|ARM
		{F11038F0-88E5-11E7-BA7C-E36C7490591A}.Release|ARM.Build.0 = Release|ARM
		{F11038F0-88E5-11E7-BA7C-E36C7490591A}.Release|x64.ActiveCfg = Release|x64
		{F11038F0-88E5-11E7-BA7C-E36C7490591A}.Release|x64.Build.0 = Release|x64
		{F11038F0-88E5-11E7-BA7C-E36C7490591A}.Release|x86.ActiveCfg = Release|x86
		{F11038F0-88E5-11E7-BA7C-E36C7490591A}.Release|x86.Build.0 = Release|x86
		{F11038F0-88E5-11E7-BA7C-E36C7490591A}.ReleaseBundle|ARM.ActiveCfg = Release|ARM
		{F11038F0-88E5-11E7-BA7C-E36C7490591A}.ReleaseBundle|ARM.Build.0 = Release|ARM
		{F11038F0-88E5-11E7-BA7C-E36C7490591A}.ReleaseBundle|x64.ActiveCfg = Release|x64
		{F11038F0-88E5-11E7-BA7C-E36C7490591A}.ReleaseBundle|x64.Build.0 = Release|x64
		{F11038F0-88E5-11E7-BA7C-E36C7490591A}.ReleaseBundle|x86.ActiveCfg = Release|x86
		{F11038F0-88E5-11E7-BA7C-E36C7490591A}.ReleaseBundle|x86.Build.0 = Release|x86
	EndGlobalSection
	GlobalSection(SolutionProperties) = preSolution
		HideSolutionNode = FALSE
	EndGlobalSection
	GlobalSection(ExtensibilityGlobals) = postSolution
		SolutionGuid = {16304287-F99A-49F7-9ECC-B32F97C6538A}
	EndGlobalSection
EndGlobal
